
Microsoft Visual Studio Solution File, Format Version 12.00
# Visual Studio Version 17
VisualStudioVersion = 17.11.35208.52
MinimumVisualStudioVersion = 10.0.40219.1
Project("{2150E333-8FDC-42A3-9474-1A3956D46DE8}") = "Domain", "Domain", "{F38DA923-8E0B-4467-B719-94CBF4BA0458}"
EndProject
Project("{2150E333-8FDC-42A3-9474-1A3956D46DE8}") = "Application", "Application", "{6E5E76E0-25A9-4DF2-81B8-14F513FA05FD}"
EndProject
Project("{9A19103F-16F7-4668-BE54-9A1E7A4F7556}") = "Bofa.App.Domain", "Bofa.App.Domain\Bofa.App.Domain.csproj", "{C8123016-D2B5-462D-945C-9ED7449E8F13}"
EndProject
Project("{2150E333-8FDC-42A3-9474-1A3956D46DE8}") = "Services", "Services", "{E0798236-76AF-4DCC-8F0A-86260F3E8711}"
EndProject
Project("{9A19103F-16F7-4668-BE54-9A1E7A4F7556}") = "Bofa.App.Application", "Bofa.App.Application\Bofa.App.Application.csproj", "{1A530023-7DDC-4A49-B8E5-78AEC6428B1B}"
EndProject
Project("{2150E333-8FDC-42A3-9474-1A3956D46DE8}") = "Test", "Test", "{605AB66C-C379-48C7-AB3E-A12F2A7D634E}"
EndProject
Project("{2150E333-8FDC-42A3-9474-1A3956D46DE8}") = "Adapters", "Adapters", "{63348A03-494F-4DA0-A1AD-960EFDBC2A69}"
EndProject
Project("{9A19103F-16F7-4668-BE54-9A1E7A4F7556}") = "Bofa.App.Api", "Bofa.App.Api\Bofa.App.Api.csproj", "{BE2AB107-113C-4524-A588-49EA2DDF3F3F}"
EndProject
Project("{9A19103F-16F7-4668-BE54-9A1E7A4F7556}") = "Bofa.App.Repository", "Bofa.App.Repository\Bofa.App.Repository.csproj", "{947F0E37-2964-4851-BF6E-98E8CC59E838}"
EndProject
Project("{9A19103F-16F7-4668-BE54-9A1E7A4F7556}") = "Bofa.App.Test", "Bofa.App.Test\Bofa.App.Test.csproj", "{29C309A4-B5A0-43C0-B811-05032009D30C}"
EndProject
Project("{2150E333-8FDC-42A3-9474-1A3956D46DE8}") = "Ports", "Ports", "{6B2FACA5-C1EF-4404-A50E-C3EACBCD8F5B}"
EndProject
Global
	GlobalSection(SolutionConfigurationPlatforms) = preSolution
		Debug|Any CPU = Debug|Any CPU
		Release|Any CPU = Release|Any CPU
	EndGlobalSection
	GlobalSection(ProjectConfigurationPlatforms) = postSolution
		{C8123016-D2B5-462D-945C-9ED7449E8F13}.Debug|Any CPU.ActiveCfg = Debug|Any CPU
		{C8123016-D2B5-462D-945C-9ED7449E8F13}.Debug|Any CPU.Build.0 = Debug|Any CPU
		{C8123016-D2B5-462D-945C-9ED7449E8F13}.Release|Any CPU.ActiveCfg = Release|Any CPU
		{C8123016-D2B5-462D-945C-9ED7449E8F13}.Release|Any CPU.Build.0 = Release|Any CPU
		{1A530023-7DDC-4A49-B8E5-78AEC6428B1B}.Debug|Any CPU.ActiveCfg = Debug|Any CPU
		{1A530023-7DDC-4A49-B8E5-78AEC6428B1B}.Debug|Any CPU.Build.0 = Debug|Any CPU
		{1A530023-7DDC-4A49-B8E5-78AEC6428B1B}.Release|Any CPU.ActiveCfg = Release|Any CPU
		{1A530023-7DDC-4A49-B8E5-78AEC6428B1B}.Release|Any CPU.Build.0 = Release|Any CPU
		{BE2AB107-113C-4524-A588-49EA2DDF3F3F}.Debug|Any CPU.ActiveCfg = Debug|Any CPU
		{BE2AB107-113C-4524-A588-49EA2DDF3F3F}.Debug|Any CPU.Build.0 = Debug|Any CPU
		{BE2AB107-113C-4524-A588-49EA2DDF3F3F}.Release|Any CPU.ActiveCfg = Release|Any CPU
		{BE2AB107-113C-4524-A588-49EA2DDF3F3F}.Release|Any CPU.Build.0 = Release|Any CPU
		{947F0E37-2964-4851-BF6E-98E8CC59E838}.Debug|Any CPU.ActiveCfg = Debug|Any CPU
		{947F0E37-2964-4851-BF6E-98E8CC59E838}.Debug|Any CPU.Build.0 = Debug|Any CPU
		{947F0E37-2964-4851-BF6E-98E8CC59E838}.Release|Any CPU.ActiveCfg = Release|Any CPU
		{947F0E37-2964-4851-BF6E-98E8CC59E838}.Release|Any CPU.Build.0 = Release|Any CPU
		{29C309A4-B5A0-43C0-B811-05032009D30C}.Debug|Any CPU.ActiveCfg = Debug|Any CPU
		{29C309A4-B5A0-43C0-B811-05032009D30C}.Debug|Any CPU.Build.0 = Debug|Any CPU
		{29C309A4-B5A0-43C0-B811-05032009D30C}.Release|Any CPU.ActiveCfg = Release|Any CPU
		{29C309A4-B5A0-43C0-B811-05032009D30C}.Release|Any CPU.Build.0 = Release|Any CPU
	EndGlobalSection
	GlobalSection(SolutionProperties) = preSolution
		HideSolutionNode = FALSE
	EndGlobalSection
	GlobalSection(NestedProjects) = preSolution
		{C8123016-D2B5-462D-945C-9ED7449E8F13} = {F38DA923-8E0B-4467-B719-94CBF4BA0458}
		{E0798236-76AF-4DCC-8F0A-86260F3E8711} = {6E5E76E0-25A9-4DF2-81B8-14F513FA05FD}
		{1A530023-7DDC-4A49-B8E5-78AEC6428B1B} = {E0798236-76AF-4DCC-8F0A-86260F3E8711}
		{BE2AB107-113C-4524-A588-49EA2DDF3F3F} = {6B2FACA5-C1EF-4404-A50E-C3EACBCD8F5B}
		{947F0E37-2964-4851-BF6E-98E8CC59E838} = {63348A03-494F-4DA0-A1AD-960EFDBC2A69}
		{29C309A4-B5A0-43C0-B811-05032009D30C} = {605AB66C-C379-48C7-AB3E-A12F2A7D634E}
	EndGlobalSection
	GlobalSection(ExtensibilityGlobals) = postSolution
		SolutionGuid = {1CDEADD2-A52E-4DF8-8F56-681BC32AB278}
	EndGlobalSection
EndGlobal
